
Microsoft Visual Studio Solution File, Format Version 12.00
# Visual Studio Version 17
VisualStudioVersion = 17.9.34728.123
MinimumVisualStudioVersion = 10.0.40219.1
Project("{FAE04EC0-301F-11D3-BF4B-00C04F79EFBC}") = "FinancialCrm", "FinancialCrm\FinancialCrm.csproj", "{04DEEAF4-C71E-43D9-8518-003EAA8D0CAD}"
EndProject
Global
	GlobalSection(SolutionConfigurationPlatforms) = preSolution
		Debug|Any CPU = Debug|Any CPU
		Release|Any CPU = Release|Any CPU
	EndGlobalSection
	GlobalSection(ProjectConfigurationPlatforms) = postSolution
		{04DEEAF4-C71E-43D9-8518-003EAA8D0CAD}.Debug|Any CPU.ActiveCfg = Debug|Any CPU
		{04DEEAF4-C71E-43D9-8518-003EAA8D0CAD}.Debug|Any CPU.Build.0 = Debug|Any CPU
		{04DEEAF4-C71E-43D9-8518-003EAA8D0CAD}.Release|Any CPU.ActiveCfg = Release|Any CPU
		{04DEEAF4-C71E-43D9-8518-003EAA8D0CAD}.Release|Any CPU.Build.0 = Release|Any CPU
	EndGlobalSection
	GlobalSection(SolutionProperties) = preSolution
		HideSolutionNode = FALSE
	EndGlobalSection
	GlobalSection(ExtensibilityGlobals) = postSolution
		SolutionGuid = {347F1676-9802-47A9-BF91-74AC375791F6}
	EndGlobalSection
EndGlobal
